
Microsoft Visual Studio Solution File, Format Version 12.00
# Visual Studio Version 16
VisualStudioVersion = 16.0.34031.81
MinimumVisualStudioVersion = 10.0.40219.1
Project("{2150E333-8FDC-42A3-9474-1A3956D46DE8}") = "Task0", "Task0", "{FE48D711-1ECB-47AA-B75E-C6815425D176}"
EndProject
Project("{FAE04EC0-301F-11D3-BF4B-00C04F79EFBC}") = "Tyuiu.EgovtsevMN.Sprint0.Task0.V0", "Tyuiu.EgovtsevMN.Sprint0.Task0.V0\Tyuiu.EgovtsevMN.Sprint0.Task0.V0.csproj", "{14736DBE-BB01-4BF9-94AB-4D5091B7EAD3}"
EndProject
Project("{2150E333-8FDC-42A3-9474-1A3956D46DE8}") = "Task1", "Task1", "{1C69CEEC-A2AE-48E6-9584-94CCEF49A608}"
EndProject
Project("{FAE04EC0-301F-11D3-BF4B-00C04F79EFBC}") = "Tyuiu.EgovtsevMN.Sprint0.Task1.V0", "Tyuiu.EgovtsevMN.Sprint0.Task1.V0\Tyuiu.EgovtsevMN.Sprint0.Task1.V0.csproj", "{B2F26E0E-8512-4CFF-B49D-B753B9525791}"
EndProject
Global
	GlobalSection(SolutionConfigurationPlatforms) = preSolution
		Debug|Any CPU = Debug|Any CPU
		Release|Any CPU = Release|Any CPU
	EndGlobalSection
	GlobalSection(ProjectConfigurationPlatforms) = postSolution
		{14736DBE-BB01-4BF9-94AB-4D5091B7EAD3}.Debug|Any CPU.ActiveCfg = Debug|Any CPU
		{14736DBE-BB01-4BF9-94AB-4D5091B7EAD3}.Debug|Any CPU.Build.0 = Debug|Any CPU
		{14736DBE-BB01-4BF9-94AB-4D5091B7EAD3}.Release|Any CPU.ActiveCfg = Release|Any CPU
		{14736DBE-BB01-4BF9-94AB-4D5091B7EAD3}.Release|Any CPU.Build.0 = Release|Any CPU
		{B2F26E0E-8512-4CFF-B49D-B753B9525791}.Debug|Any CPU.ActiveCfg = Debug|Any CPU
		{B2F26E0E-8512-4CFF-B49D-B753B9525791}.Debug|Any CPU.Build.0 = Debug|Any CPU
		{B2F26E0E-8512-4CFF-B49D-B753B9525791}.Release|Any CPU.ActiveCfg = Release|Any CPU
		{B2F26E0E-8512-4CFF-B49D-B753B9525791}.Release|Any CPU.Build.0 = Release|Any CPU
	EndGlobalSection
	GlobalSection(SolutionProperties) = preSolution
		HideSolutionNode = FALSE
	EndGlobalSection
	GlobalSection(NestedProjects) = preSolution
		{14736DBE-BB01-4BF9-94AB-4D5091B7EAD3} = {FE48D711-1ECB-47AA-B75E-C6815425D176}
		{B2F26E0E-8512-4CFF-B49D-B753B9525791} = {1C69CEEC-A2AE-48E6-9584-94CCEF49A608}
	EndGlobalSection
	GlobalSection(ExtensibilityGlobals) = postSolution
		SolutionGuid = {2983F51B-C1F8-45B8-A1DC-0D3DF360EC06}
	EndGlobalSection
EndGlobal
